// !$*UTF8*$!
{
	archiveVersion = 1;
	classes = {
	};
	objectVersion = 50;
	objects = {

/* Begin PBXBuildFile section */
		3B6F9FCA203FF6798088ADC4 /* Pods_DekkeniUITests.framework in Frameworks */ = {isa = PBXBuildFile; fileRef = 6B24F2A20318A286E41A5D33 /* Pods_DekkeniUITests.framework */; };
		4D3A720623036C41004F9ED0 /* DetailsViewController.swift in Sources */ = {isa = PBXBuildFile; fileRef = 4D3A720523036C41004F9ED0 /* DetailsViewController.swift */; };
		4D3A72082304B50A004F9ED0 /* View.swift in Sources */ = {isa = PBXBuildFile; fileRef = 4D3A72072304B50A004F9ED0 /* View.swift */; };
		4D3A721F2304D8D2004F9ED0 /* MenuViewController.swift in Sources */ = {isa = PBXBuildFile; fileRef = 4D3A721E2304D8D2004F9ED0 /* MenuViewController.swift */; };
		4D3A72202304DB49004F9ED0 /* FAPanel+Gestures.swift in Sources */ = {isa = PBXBuildFile; fileRef = 4D3A720C2304D65B004F9ED0 /* FAPanel+Gestures.swift */; };
		4D3A72212304DB49004F9ED0 /* Collection+FAPanel.swift in Sources */ = {isa = PBXBuildFile; fileRef = 4D3A72092304D65B004F9ED0 /* Collection+FAPanel.swift */; };
		4D3A72222304DB49004F9ED0 /* UIView+FAPanel.swift in Sources */ = {isa = PBXBuildFile; fileRef = 4D3A72112304D65B004F9ED0 /* UIView+FAPanel.swift */; };
		4D3A72232304DB49004F9ED0 /* FAPanel.swift in Sources */ = {isa = PBXBuildFile; fileRef = 4D3A720A2304D65B004F9ED0 /* FAPanel.swift */; };
		4D3A72242304DB49004F9ED0 /* FAPanel+Animations.swift in Sources */ = {isa = PBXBuildFile; fileRef = 4D3A720B2304D65B004F9ED0 /* FAPanel+Animations.swift */; };
		4D3A72252304DB49004F9ED0 /* FAPanelConfigurations.swift in Sources */ = {isa = PBXBuildFile; fileRef = 4D3A720F2304D65B004F9ED0 /* FAPanelConfigurations.swift */; };
		4D3A72262304DB49004F9ED0 /* FAPanel+KVO.swift in Sources */ = {isa = PBXBuildFile; fileRef = 4D3A720E2304D65B004F9ED0 /* FAPanel+KVO.swift */; };
		4D3A72272304DB49004F9ED0 /* UIImage+FAPanel.swift in Sources */ = {isa = PBXBuildFile; fileRef = 4D3A72102304D65B004F9ED0 /* UIImage+FAPanel.swift */; };
		4D3A72282304DB49004F9ED0 /* UIViewController+FAPanel.swift in Sources */ = {isa = PBXBuildFile; fileRef = 4D3A72122304D65B004F9ED0 /* UIViewController+FAPanel.swift */; };
		4D3A72292304DB49004F9ED0 /* FAPanel+InterfaceRotation.swift in Sources */ = {isa = PBXBuildFile; fileRef = 4D3A720D2304D65B004F9ED0 /* FAPanel+InterfaceRotation.swift */; };
		4D42409623088A3300052AC4 /* MenuItemCollectionViewCell.swift in Sources */ = {isa = PBXBuildFile; fileRef = 4D42409423088A3300052AC4 /* MenuItemCollectionViewCell.swift */; };
		4D42409723088A3300052AC4 /* MenuItemCollectionViewCell.xib in Resources */ = {isa = PBXBuildFile; fileRef = 4D42409523088A3300052AC4 /* MenuItemCollectionViewCell.xib */; };
		4D4240992308AD8900052AC4 /* ProfileViewController.swift in Sources */ = {isa = PBXBuildFile; fileRef = 4D4240982308AD8900052AC4 /* ProfileViewController.swift */; };
		4D42409B2308ADC700052AC4 /* SettingsViewController.swift in Sources */ = {isa = PBXBuildFile; fileRef = 4D42409A2308ADC700052AC4 /* SettingsViewController.swift */; };
		4D4347E9230995BF00D05AF8 /* Assets.xcassets in Resources */ = {isa = PBXBuildFile; fileRef = 4D4347E8230995BE00D05AF8 /* Assets.xcassets */; };
		4D48081B230B4E3C004E873F /* LoginViewController.swift in Sources */ = {isa = PBXBuildFile; fileRef = 4D48081A230B4E3C004E873F /* LoginViewController.swift */; };
		4D497A08230DFC5D00067936 /* SignUpViewController.swift in Sources */ = {isa = PBXBuildFile; fileRef = 4D497A07230DFC5D00067936 /* SignUpViewController.swift */; };
		4D497A0C230DFC9000067936 /* ResetPassViewController.swift in Sources */ = {isa = PBXBuildFile; fileRef = 4D497A0B230DFC9000067936 /* ResetPassViewController.swift */; };
		4D497A0F230DFEF800067936 /* ViewController.swift in Sources */ = {isa = PBXBuildFile; fileRef = 4D497A0E230DFEF800067936 /* ViewController.swift */; };
		4D497A11230E008300067936 /* Accounts.storyboard in Resources */ = {isa = PBXBuildFile; fileRef = 4D497A10230E008300067936 /* Accounts.storyboard */; };
		4D497A13230E00BD00067936 /* Store.storyboard in Resources */ = {isa = PBXBuildFile; fileRef = 4D497A12230E00BD00067936 /* Store.storyboard */; };
		4D497A15230E00D500067936 /* Profile.storyboard in Resources */ = {isa = PBXBuildFile; fileRef = 4D497A14230E00D500067936 /* Profile.storyboard */; };
		4D497A17230E03D500067936 /* Settings.storyboard in Resources */ = {isa = PBXBuildFile; fileRef = 4D497A16230E03D500067936 /* Settings.storyboard */; };
		4D497A19230E075100067936 /* DekkeniTextField.swift in Sources */ = {isa = PBXBuildFile; fileRef = 4D497A18230E075100067936 /* DekkeniTextField.swift */; };
		4D497A1B230E091200067936 /* DekkeniButton.swift in Sources */ = {isa = PBXBuildFile; fileRef = 4D497A1A230E091200067936 /* DekkeniButton.swift */; };
		4D5C7E3B230F2CBC00BAD60B /* ScrollView.swift in Sources */ = {isa = PBXBuildFile; fileRef = 4D5C7E3A230F2CBC00BAD60B /* ScrollView.swift */; };
		4D5C7E40230F556D00BAD60B /* Cart.storyboard in Resources */ = {isa = PBXBuildFile; fileRef = 4D5C7E3F230F556D00BAD60B /* Cart.storyboard */; };
		4D5C7E42230F557700BAD60B /* CartViewController.swift in Sources */ = {isa = PBXBuildFile; fileRef = 4D5C7E41230F557700BAD60B /* CartViewController.swift */; };
		4D5C7E45230F55A300BAD60B /* CartTableViewCell.swift in Sources */ = {isa = PBXBuildFile; fileRef = 4D5C7E43230F55A300BAD60B /* CartTableViewCell.swift */; };
		4D5C7E46230F55A300BAD60B /* CartTableViewCell.xib in Resources */ = {isa = PBXBuildFile; fileRef = 4D5C7E44230F55A300BAD60B /* CartTableViewCell.xib */; };
		4D5C7E4A230F608500BAD60B /* CategoryTableViewCell.swift in Sources */ = {isa = PBXBuildFile; fileRef = 4D5C7E48230F608500BAD60B /* CategoryTableViewCell.swift */; };
		4D5C7E4B230F608500BAD60B /* CategoryTableViewCell.xib in Resources */ = {isa = PBXBuildFile; fileRef = 4D5C7E49230F608500BAD60B /* CategoryTableViewCell.xib */; };
		4D64981822B78438007023CD /* AppDelegate.swift in Sources */ = {isa = PBXBuildFile; fileRef = 4D64981722B78438007023CD /* AppDelegate.swift */; };
		4D64981F22B78438007023CD /* Main.storyboard in Resources */ = {isa = PBXBuildFile; fileRef = 4D64981D22B78438007023CD /* Main.storyboard */; };
		4D64982F22B7843A007023CD /* DekkeniTests.swift in Sources */ = {isa = PBXBuildFile; fileRef = 4D64982E22B7843A007023CD /* DekkeniTests.swift */; };
		4D64983A22B7843A007023CD /* DekkeniUITests.swift in Sources */ = {isa = PBXBuildFile; fileRef = 4D64983922B7843A007023CD /* DekkeniUITests.swift */; };
		4D6B6D8422BA3B1400AE960B /* Colors.swift in Sources */ = {isa = PBXBuildFile; fileRef = 4D6B6D8322BA3B1400AE960B /* Colors.swift */; };
		4D6B6D9B22BA741200AE960B /* Helpers.swift in Sources */ = {isa = PBXBuildFile; fileRef = 4D6B6D8A22BA741200AE960B /* Helpers.swift */; };
		4D6B6DA722BA75F100AE960B /* LaunchScreen.storyboard in Resources */ = {isa = PBXBuildFile; fileRef = 4D6B6DA622BA75F000AE960B /* LaunchScreen.storyboard */; };
		4D9D87B622B929E8008F91C2 /* Localizable.strings in Resources */ = {isa = PBXBuildFile; fileRef = 4D9D87B422B929E8008F91C2 /* Localizable.strings */; };
		4DAC63192300B77A006D9C57 /* StoreViewController.swift in Sources */ = {isa = PBXBuildFile; fileRef = 4DAC63182300B77A006D9C57 /* StoreViewController.swift */; };
		4DAC631B2300BA2D006D9C57 /* WormTabStrip.swift in Sources */ = {isa = PBXBuildFile; fileRef = 4DAC631A2300BA2D006D9C57 /* WormTabStrip.swift */; };
		4DAC631D2300BA34006D9C57 /* WormTabStripButton.swift in Sources */ = {isa = PBXBuildFile; fileRef = 4DAC631C2300BA34006D9C57 /* WormTabStripButton.swift */; };
		4DAC63202300CCEB006D9C57 /* StoreItemCell.swift in Sources */ = {isa = PBXBuildFile; fileRef = 4DAC631F2300CCEB006D9C57 /* StoreItemCell.swift */; };
		4DAC63222300CCFE006D9C57 /* StoreTableViewCell.xib in Resources */ = {isa = PBXBuildFile; fileRef = 4DAC63212300CCFE006D9C57 /* StoreTableViewCell.xib */; };
		4DAC63262301E6E0006D9C57 /* TextField+icon.swift in Sources */ = {isa = PBXBuildFile; fileRef = 4DAC63252301E6E0006D9C57 /* TextField+icon.swift */; };
		4DBCC9A622B90FAD00EE16D6 /* StringUtils.swift in Sources */ = {isa = PBXBuildFile; fileRef = 4DBCC9A522B90FAD00EE16D6 /* StringUtils.swift */; };
		5560AB9158C822B4F870A4D8 /* Pods_DekkeniTests.framework in Frameworks */ = {isa = PBXBuildFile; fileRef = 8C8587627A95736117AD5B2A /* Pods_DekkeniTests.framework */; };
		DDBD741A75D5B66415A488A9 /* Pods_Dekkeni.framework in Frameworks */ = {isa = PBXBuildFile; fileRef = BB4FE29C939C13BD9735ABAC /* Pods_Dekkeni.framework */; };
/* End PBXBuildFile section */

/* Begin PBXContainerItemProxy section */
		4D64982B22B7843A007023CD /* PBXContainerItemProxy */ = {
			isa = PBXContainerItemProxy;
			containerPortal = 4D64980C22B78438007023CD /* Project object */;
			proxyType = 1;
			remoteGlobalIDString = 4D64981322B78438007023CD;
			remoteInfo = Dekkeni;
		};
		4D64983622B7843A007023CD /* PBXContainerItemProxy */ = {
			isa = PBXContainerItemProxy;
			containerPortal = 4D64980C22B78438007023CD /* Project object */;
			proxyType = 1;
			remoteGlobalIDString = 4D64981322B78438007023CD;
			remoteInfo = Dekkeni;
		};
/* End PBXContainerItemProxy section */

/* Begin PBXFileReference section */
		0329F5444AA76DAED482C997 /* Pods-Dekkeni.debug.xcconfig */ = {isa = PBXFileReference; includeInIndex = 1; lastKnownFileType = text.xcconfig; name = "Pods-Dekkeni.debug.xcconfig"; path = "Pods/Target Support Files/Pods-Dekkeni/Pods-Dekkeni.debug.xcconfig"; sourceTree = "<group>"; };
		155038BE1A6C7435E524C4BC /* Pods-DekkeniUITests.release.xcconfig */ = {isa = PBXFileReference; includeInIndex = 1; lastKnownFileType = text.xcconfig; name = "Pods-DekkeniUITests.release.xcconfig"; path = "Pods/Target Support Files/Pods-DekkeniUITests/Pods-DekkeniUITests.release.xcconfig"; sourceTree = "<group>"; };
		16AFE61BA84EFEF6BECC3B81 /* Pods-DekkeniTests.release.xcconfig */ = {isa = PBXFileReference; includeInIndex = 1; lastKnownFileType = text.xcconfig; name = "Pods-DekkeniTests.release.xcconfig"; path = "Pods/Target Support Files/Pods-DekkeniTests/Pods-DekkeniTests.release.xcconfig"; sourceTree = "<group>"; };
		2C113DACA45B64DF264BBF0C /* Pods-DekkeniTests.debug.xcconfig */ = {isa = PBXFileReference; includeInIndex = 1; lastKnownFileType = text.xcconfig; name = "Pods-DekkeniTests.debug.xcconfig"; path = "Pods/Target Support Files/Pods-DekkeniTests/Pods-DekkeniTests.debug.xcconfig"; sourceTree = "<group>"; };
		4D3A720523036C41004F9ED0 /* DetailsViewController.swift */ = {isa = PBXFileReference; lastKnownFileType = sourcecode.swift; path = DetailsViewController.swift; sourceTree = "<group>"; };
		4D3A72072304B50A004F9ED0 /* View.swift */ = {isa = PBXFileReference; lastKnownFileType = sourcecode.swift; path = View.swift; sourceTree = "<group>"; };
		4D3A72092304D65B004F9ED0 /* Collection+FAPanel.swift */ = {isa = PBXFileReference; lastKnownFileType = sourcecode.swift; path = "Collection+FAPanel.swift"; sourceTree = "<group>"; };
		4D3A720A2304D65B004F9ED0 /* FAPanel.swift */ = {isa = PBXFileReference; lastKnownFileType = sourcecode.swift; path = FAPanel.swift; sourceTree = "<group>"; };
		4D3A720B2304D65B004F9ED0 /* FAPanel+Animations.swift */ = {isa = PBXFileReference; lastKnownFileType = sourcecode.swift; path = "FAPanel+Animations.swift"; sourceTree = "<group>"; };
		4D3A720C2304D65B004F9ED0 /* FAPanel+Gestures.swift */ = {isa = PBXFileReference; lastKnownFileType = sourcecode.swift; path = "FAPanel+Gestures.swift"; sourceTree = "<group>"; };
		4D3A720D2304D65B004F9ED0 /* FAPanel+InterfaceRotation.swift */ = {isa = PBXFileReference; lastKnownFileType = sourcecode.swift; path = "FAPanel+InterfaceRotation.swift"; sourceTree = "<group>"; };
		4D3A720E2304D65B004F9ED0 /* FAPanel+KVO.swift */ = {isa = PBXFileReference; lastKnownFileType = sourcecode.swift; path = "FAPanel+KVO.swift"; sourceTree = "<group>"; };
		4D3A720F2304D65B004F9ED0 /* FAPanelConfigurations.swift */ = {isa = PBXFileReference; lastKnownFileType = sourcecode.swift; path = FAPanelConfigurations.swift; sourceTree = "<group>"; };
		4D3A72102304D65B004F9ED0 /* UIImage+FAPanel.swift */ = {isa = PBXFileReference; lastKnownFileType = sourcecode.swift; path = "UIImage+FAPanel.swift"; sourceTree = "<group>"; };
		4D3A72112304D65B004F9ED0 /* UIView+FAPanel.swift */ = {isa = PBXFileReference; lastKnownFileType = sourcecode.swift; path = "UIView+FAPanel.swift"; sourceTree = "<group>"; };
		4D3A72122304D65B004F9ED0 /* UIViewController+FAPanel.swift */ = {isa = PBXFileReference; lastKnownFileType = sourcecode.swift; path = "UIViewController+FAPanel.swift"; sourceTree = "<group>"; };
		4D3A721E2304D8D2004F9ED0 /* MenuViewController.swift */ = {isa = PBXFileReference; lastKnownFileType = sourcecode.swift; path = MenuViewController.swift; sourceTree = "<group>"; };
		4D42409423088A3300052AC4 /* MenuItemCollectionViewCell.swift */ = {isa = PBXFileReference; lastKnownFileType = sourcecode.swift; path = MenuItemCollectionViewCell.swift; sourceTree = "<group>"; };
		4D42409523088A3300052AC4 /* MenuItemCollectionViewCell.xib */ = {isa = PBXFileReference; lastKnownFileType = file.xib; path = MenuItemCollectionViewCell.xib; sourceTree = "<group>"; };
		4D4240982308AD8900052AC4 /* ProfileViewController.swift */ = {isa = PBXFileReference; lastKnownFileType = sourcecode.swift; path = ProfileViewController.swift; sourceTree = "<group>"; };
		4D42409A2308ADC700052AC4 /* SettingsViewController.swift */ = {isa = PBXFileReference; lastKnownFileType = sourcecode.swift; path = SettingsViewController.swift; sourceTree = "<group>"; };
		4D4347E8230995BE00D05AF8 /* Assets.xcassets */ = {isa = PBXFileReference; lastKnownFileType = folder.assetcatalog; path = Assets.xcassets; sourceTree = "<group>"; };
		4D48081A230B4E3C004E873F /* LoginViewController.swift */ = {isa = PBXFileReference; lastKnownFileType = sourcecode.swift; path = LoginViewController.swift; sourceTree = "<group>"; };
		4D497A07230DFC5D00067936 /* SignUpViewController.swift */ = {isa = PBXFileReference; lastKnownFileType = sourcecode.swift; path = SignUpViewController.swift; sourceTree = "<group>"; };
		4D497A0B230DFC9000067936 /* ResetPassViewController.swift */ = {isa = PBXFileReference; lastKnownFileType = sourcecode.swift; path = ResetPassViewController.swift; sourceTree = "<group>"; };
		4D497A0E230DFEF800067936 /* ViewController.swift */ = {isa = PBXFileReference; lastKnownFileType = sourcecode.swift; path = ViewController.swift; sourceTree = "<group>"; };
		4D497A10230E008300067936 /* Accounts.storyboard */ = {isa = PBXFileReference; lastKnownFileType = file.storyboard; path = Accounts.storyboard; sourceTree = "<group>"; };
		4D497A12230E00BD00067936 /* Store.storyboard */ = {isa = PBXFileReference; lastKnownFileType = file.storyboard; path = Store.storyboard; sourceTree = "<group>"; };
		4D497A14230E00D500067936 /* Profile.storyboard */ = {isa = PBXFileReference; lastKnownFileType = file.storyboard; path = Profile.storyboard; sourceTree = "<group>"; };
		4D497A16230E03D500067936 /* Settings.storyboard */ = {isa = PBXFileReference; lastKnownFileType = file.storyboard; path = Settings.storyboard; sourceTree = "<group>"; };
		4D497A18230E075100067936 /* DekkeniTextField.swift */ = {isa = PBXFileReference; lastKnownFileType = sourcecode.swift; path = DekkeniTextField.swift; sourceTree = "<group>"; };
		4D497A1A230E091200067936 /* DekkeniButton.swift */ = {isa = PBXFileReference; lastKnownFileType = sourcecode.swift; path = DekkeniButton.swift; sourceTree = "<group>"; };
		4D5C7E3A230F2CBC00BAD60B /* ScrollView.swift */ = {isa = PBXFileReference; lastKnownFileType = sourcecode.swift; path = ScrollView.swift; sourceTree = "<group>"; };
		4D5C7E3F230F556D00BAD60B /* Cart.storyboard */ = {isa = PBXFileReference; lastKnownFileType = file.storyboard; path = Cart.storyboard; sourceTree = "<group>"; };
		4D5C7E41230F557700BAD60B /* CartViewController.swift */ = {isa = PBXFileReference; lastKnownFileType = sourcecode.swift; path = CartViewController.swift; sourceTree = "<group>"; };
		4D5C7E43230F55A300BAD60B /* CartTableViewCell.swift */ = {isa = PBXFileReference; lastKnownFileType = sourcecode.swift; path = CartTableViewCell.swift; sourceTree = "<group>"; };
		4D5C7E44230F55A300BAD60B /* CartTableViewCell.xib */ = {isa = PBXFileReference; lastKnownFileType = file.xib; path = CartTableViewCell.xib; sourceTree = "<group>"; };
		4D5C7E48230F608500BAD60B /* CategoryTableViewCell.swift */ = {isa = PBXFileReference; lastKnownFileType = sourcecode.swift; path = CategoryTableViewCell.swift; sourceTree = "<group>"; };
		4D5C7E49230F608500BAD60B /* CategoryTableViewCell.xib */ = {isa = PBXFileReference; lastKnownFileType = file.xib; path = CategoryTableViewCell.xib; sourceTree = "<group>"; };
		4D64981422B78438007023CD /* Dekkeni.app */ = {isa = PBXFileReference; explicitFileType = wrapper.application; includeInIndex = 0; path = Dekkeni.app; sourceTree = BUILT_PRODUCTS_DIR; };
		4D64981722B78438007023CD /* AppDelegate.swift */ = {isa = PBXFileReference; lastKnownFileType = sourcecode.swift; path = AppDelegate.swift; sourceTree = "<group>"; };
		4D64981E22B78438007023CD /* Base */ = {isa = PBXFileReference; lastKnownFileType = file.storyboard; name = Base; path = Base.lproj/Main.storyboard; sourceTree = "<group>"; };
		4D64982522B7843A007023CD /* Info.plist */ = {isa = PBXFileReference; lastKnownFileType = text.plist.xml; path = Info.plist; sourceTree = "<group>"; };
		4D64982A22B7843A007023CD /* DekkeniTests.xctest */ = {isa = PBXFileReference; explicitFileType = wrapper.cfbundle; includeInIndex = 0; path = DekkeniTests.xctest; sourceTree = BUILT_PRODUCTS_DIR; };
		4D64982E22B7843A007023CD /* DekkeniTests.swift */ = {isa = PBXFileReference; lastKnownFileType = sourcecode.swift; path = DekkeniTests.swift; sourceTree = "<group>"; };
		4D64983022B7843A007023CD /* Info.plist */ = {isa = PBXFileReference; lastKnownFileType = text.plist.xml; path = Info.plist; sourceTree = "<group>"; };
		4D64983522B7843A007023CD /* DekkeniUITests.xctest */ = {isa = PBXFileReference; explicitFileType = wrapper.cfbundle; includeInIndex = 0; path = DekkeniUITests.xctest; sourceTree = BUILT_PRODUCTS_DIR; };
		4D64983922B7843A007023CD /* DekkeniUITests.swift */ = {isa = PBXFileReference; lastKnownFileType = sourcecode.swift; path = DekkeniUITests.swift; sourceTree = "<group>"; };
		4D64983B22B7843A007023CD /* Info.plist */ = {isa = PBXFileReference; lastKnownFileType = text.plist.xml; path = Info.plist; sourceTree = "<group>"; };
		4D6B6D8322BA3B1400AE960B /* Colors.swift */ = {isa = PBXFileReference; lastKnownFileType = sourcecode.swift; path = Colors.swift; sourceTree = "<group>"; };
		4D6B6D8A22BA741200AE960B /* Helpers.swift */ = {isa = PBXFileReference; fileEncoding = 4; lastKnownFileType = sourcecode.swift; path = Helpers.swift; sourceTree = "<group>"; };
		4D6B6DA622BA75F000AE960B /* LaunchScreen.storyboard */ = {isa = PBXFileReference; fileEncoding = 4; lastKnownFileType = file.storyboard; path = LaunchScreen.storyboard; sourceTree = "<group>"; };
		4D9D87B222B929BE008F91C2 /* en */ = {isa = PBXFileReference; lastKnownFileType = text.plist.strings; name = en; path = en.lproj/Main.strings; sourceTree = "<group>"; };
		4D9D87B522B929E8008F91C2 /* Base */ = {isa = PBXFileReference; lastKnownFileType = text.plist.strings; name = Base; path = Base.lproj/Localizable.strings; sourceTree = "<group>"; };
		4D9D87B722B92A2B008F91C2 /* en */ = {isa = PBXFileReference; lastKnownFileType = text.plist.strings; name = en; path = en.lproj/Localizable.strings; sourceTree = "<group>"; };
		4DAC63182300B77A006D9C57 /* StoreViewController.swift */ = {isa = PBXFileReference; lastKnownFileType = sourcecode.swift; path = StoreViewController.swift; sourceTree = "<group>"; };
		4DAC631A2300BA2D006D9C57 /* WormTabStrip.swift */ = {isa = PBXFileReference; lastKnownFileType = sourcecode.swift; path = WormTabStrip.swift; sourceTree = "<group>"; };
		4DAC631C2300BA34006D9C57 /* WormTabStripButton.swift */ = {isa = PBXFileReference; lastKnownFileType = sourcecode.swift; path = WormTabStripButton.swift; sourceTree = "<group>"; };
		4DAC631F2300CCEB006D9C57 /* StoreItemCell.swift */ = {isa = PBXFileReference; lastKnownFileType = sourcecode.swift; path = StoreItemCell.swift; sourceTree = "<group>"; };
		4DAC63212300CCFE006D9C57 /* StoreTableViewCell.xib */ = {isa = PBXFileReference; lastKnownFileType = file.xib; path = StoreTableViewCell.xib; sourceTree = "<group>"; };
		4DAC63252301E6E0006D9C57 /* TextField+icon.swift */ = {isa = PBXFileReference; lastKnownFileType = sourcecode.swift; path = "TextField+icon.swift"; sourceTree = "<group>"; };
		4DBCC9A522B90FAD00EE16D6 /* StringUtils.swift */ = {isa = PBXFileReference; lastKnownFileType = sourcecode.swift; path = StringUtils.swift; sourceTree = "<group>"; };
		6B24F2A20318A286E41A5D33 /* Pods_DekkeniUITests.framework */ = {isa = PBXFileReference; explicitFileType = wrapper.framework; includeInIndex = 0; path = Pods_DekkeniUITests.framework; sourceTree = BUILT_PRODUCTS_DIR; };
		8C8587627A95736117AD5B2A /* Pods_DekkeniTests.framework */ = {isa = PBXFileReference; explicitFileType = wrapper.framework; includeInIndex = 0; path = Pods_DekkeniTests.framework; sourceTree = BUILT_PRODUCTS_DIR; };
		9A02839C5C308DBEEAE4E7CE /* Pods-Dekkeni.release.xcconfig */ = {isa = PBXFileReference; includeInIndex = 1; lastKnownFileType = text.xcconfig; name = "Pods-Dekkeni.release.xcconfig"; path = "Pods/Target Support Files/Pods-Dekkeni/Pods-Dekkeni.release.xcconfig"; sourceTree = "<group>"; };
		B43E5F79C3E8A946376A4E1D /* Pods-DekkeniUITests.debug.xcconfig */ = {isa = PBXFileReference; includeInIndex = 1; lastKnownFileType = text.xcconfig; name = "Pods-DekkeniUITests.debug.xcconfig"; path = "Pods/Target Support Files/Pods-DekkeniUITests/Pods-DekkeniUITests.debug.xcconfig"; sourceTree = "<group>"; };
		BB4FE29C939C13BD9735ABAC /* Pods_Dekkeni.framework */ = {isa = PBXFileReference; explicitFileType = wrapper.framework; includeInIndex = 0; path = Pods_Dekkeni.framework; sourceTree = BUILT_PRODUCTS_DIR; };
/* End PBXFileReference section */

/* Begin PBXFrameworksBuildPhase section */
		4D64981122B78438007023CD /* Frameworks */ = {
			isa = PBXFrameworksBuildPhase;
			buildActionMask = 2147483647;
			files = (
				DDBD741A75D5B66415A488A9 /* Pods_Dekkeni.framework in Frameworks */,
			);
			runOnlyForDeploymentPostprocessing = 0;
		};
		4D64982722B7843A007023CD /* Frameworks */ = {
			isa = PBXFrameworksBuildPhase;
			buildActionMask = 2147483647;
			files = (
				5560AB9158C822B4F870A4D8 /* Pods_DekkeniTests.framework in Frameworks */,
			);
			runOnlyForDeploymentPostprocessing = 0;
		};
		4D64983222B7843A007023CD /* Frameworks */ = {
			isa = PBXFrameworksBuildPhase;
			buildActionMask = 2147483647;
			files = (
				3B6F9FCA203FF6798088ADC4 /* Pods_DekkeniUITests.framework in Frameworks */,
			);
			runOnlyForDeploymentPostprocessing = 0;
		};
/* End PBXFrameworksBuildPhase section */

/* Begin PBXGroup section */
		4D3A721C2304D7E9004F9ED0 /* Store */ = {
			isa = PBXGroup;
			children = (
				4D497A12230E00BD00067936 /* Store.storyboard */,
				4DAC63182300B77A006D9C57 /* StoreViewController.swift */,
				4D3A720523036C41004F9ED0 /* DetailsViewController.swift */,
				4D3A721D2304D7F6004F9ED0 /* StoreItem */,
				4DAC631E2300BC68006D9C57 /* WormStrip */,
				4D5C7E4C230F614000BAD60B /* CategoryCell */,
			);
			path = Store;
			sourceTree = "<group>";
		};
		4D3A721D2304D7F6004F9ED0 /* StoreItem */ = {
			isa = PBXGroup;
			children = (
				4DAC631F2300CCEB006D9C57 /* StoreItemCell.swift */,
				4DAC63212300CCFE006D9C57 /* StoreTableViewCell.xib */,
			);
			path = StoreItem;
			sourceTree = "<group>";
		};
		4D42409323087C8400052AC4 /* FAPanel */ = {
			isa = PBXGroup;
			children = (
				4D3A72092304D65B004F9ED0 /* Collection+FAPanel.swift */,
				4D3A720A2304D65B004F9ED0 /* FAPanel.swift */,
				4D3A720B2304D65B004F9ED0 /* FAPanel+Animations.swift */,
				4D3A720C2304D65B004F9ED0 /* FAPanel+Gestures.swift */,
				4D3A720D2304D65B004F9ED0 /* FAPanel+InterfaceRotation.swift */,
				4D3A720E2304D65B004F9ED0 /* FAPanel+KVO.swift */,
				4D3A720F2304D65B004F9ED0 /* FAPanelConfigurations.swift */,
				4D3A72102304D65B004F9ED0 /* UIImage+FAPanel.swift */,
				4D3A72112304D65B004F9ED0 /* UIView+FAPanel.swift */,
				4D3A72122304D65B004F9ED0 /* UIViewController+FAPanel.swift */,
			);
			path = FAPanel;
			sourceTree = "<group>";
		};
		4D4347E62309940A00D05AF8 /* Menu */ = {
			isa = PBXGroup;
			children = (
				4D3A721E2304D8D2004F9ED0 /* MenuViewController.swift */,
				4D4347E72309941700D05AF8 /* MenuCell */,
				4D42409323087C8400052AC4 /* FAPanel */,
			);
			path = Menu;
			sourceTree = "<group>";
		};
		4D4347E72309941700D05AF8 /* MenuCell */ = {
			isa = PBXGroup;
			children = (
				4D42409423088A3300052AC4 /* MenuItemCollectionViewCell.swift */,
				4D42409523088A3300052AC4 /* MenuItemCollectionViewCell.xib */,
			);
			path = MenuCell;
			sourceTree = "<group>";
		};
		4D4347EA23099A6100D05AF8 /* Profile */ = {
			isa = PBXGroup;
			children = (
				4D497A14230E00D500067936 /* Profile.storyboard */,
				4D4240982308AD8900052AC4 /* ProfileViewController.swift */,
			);
			path = Profile;
			sourceTree = "<group>";
		};
		4D4347EB23099A6A00D05AF8 /* Settings */ = {
			isa = PBXGroup;
			children = (
				4D497A16230E03D500067936 /* Settings.storyboard */,
				4D42409A2308ADC700052AC4 /* SettingsViewController.swift */,
			);
			path = Settings;
			sourceTree = "<group>";
		};
		4D4347EC23099A9700D05AF8 /* Utils */ = {
			isa = PBXGroup;
			children = (
				4DAC63252301E6E0006D9C57 /* TextField+icon.swift */,
				4D6B6D8322BA3B1400AE960B /* Colors.swift */,
				4D6B6D8A22BA741200AE960B /* Helpers.swift */,
				4DBCC9A522B90FAD00EE16D6 /* StringUtils.swift */,
				4D3A72072304B50A004F9ED0 /* View.swift */,
				4D497A0E230DFEF800067936 /* ViewController.swift */,
				4D5C7E3A230F2CBC00BAD60B /* ScrollView.swift */,
			);
			path = Utils;
			sourceTree = "<group>";
		};
		4D497A0D230DFC9B00067936 /* Accounts */ = {
			isa = PBXGroup;
			children = (
				4D497A10230E008300067936 /* Accounts.storyboard */,
				4D48081A230B4E3C004E873F /* LoginViewController.swift */,
				4D497A07230DFC5D00067936 /* SignUpViewController.swift */,
				4D497A0B230DFC9000067936 /* ResetPassViewController.swift */,
			);
			path = Accounts;
			sourceTree = "<group>";
		};
		4D5C7E3E230F555E00BAD60B /* Cart */ = {
			isa = PBXGroup;
			children = (
				4D5C7E3F230F556D00BAD60B /* Cart.storyboard */,
				4D5C7E41230F557700BAD60B /* CartViewController.swift */,
				4D5C7E47230F55A900BAD60B /* CartCell */,
			);
			path = Cart;
			sourceTree = "<group>";
		};
		4D5C7E47230F55A900BAD60B /* CartCell */ = {
			isa = PBXGroup;
			children = (
				4D5C7E43230F55A300BAD60B /* CartTableViewCell.swift */,
				4D5C7E44230F55A300BAD60B /* CartTableViewCell.xib */,
			);
			path = CartCell;
			sourceTree = "<group>";
		};
		4D5C7E4C230F614000BAD60B /* CategoryCell */ = {
			isa = PBXGroup;
			children = (
				4D5C7E48230F608500BAD60B /* CategoryTableViewCell.swift */,
				4D5C7E49230F608500BAD60B /* CategoryTableViewCell.xib */,
			);
			path = CategoryCell;
			sourceTree = "<group>";
		};
		4D64980B22B78438007023CD = {
			isa = PBXGroup;
			children = (
				4D64981622B78438007023CD /* Dekkeni */,
				4D64982D22B7843A007023CD /* DekkeniTests */,
				4D64983822B7843A007023CD /* DekkeniUITests */,
				4D64981522B78438007023CD /* Products */,
				5F1F100936F7194731E3F58B /* Pods */,
				D37DE6B8B8BBF57E66AE51BA /* Frameworks */,
			);
			sourceTree = "<group>";
		};
		4D64981522B78438007023CD /* Products */ = {
			isa = PBXGroup;
			children = (
				4D64981422B78438007023CD /* Dekkeni.app */,
				4D64982A22B7843A007023CD /* DekkeniTests.xctest */,
				4D64983522B7843A007023CD /* DekkeniUITests.xctest */,
			);
			name = Products;
			sourceTree = "<group>";
		};
		4D64981622B78438007023CD /* Dekkeni */ = {
			isa = PBXGroup;
			children = (
				4D64982522B7843A007023CD /* Info.plist */,
				4D4347E8230995BE00D05AF8 /* Assets.xcassets */,
				4D9D87B422B929E8008F91C2 /* Localizable.strings */,
				4D6B6DA622BA75F000AE960B /* LaunchScreen.storyboard */,
				4D64981D22B78438007023CD /* Main.storyboard */,
				4D64981722B78438007023CD /* AppDelegate.swift */,
				4D497A0D230DFC9B00067936 /* Accounts */,
				4D5C7E3E230F555E00BAD60B /* Cart */,
				4D3A721C2304D7E9004F9ED0 /* Store */,
				4D4347E62309940A00D05AF8 /* Menu */,
				4D4347EA23099A6100D05AF8 /* Profile */,
				4D4347EB23099A6A00D05AF8 /* Settings */,
				4D4347EC23099A9700D05AF8 /* Utils */,
				4D497A18230E075100067936 /* DekkeniTextField.swift */,
				4D497A1A230E091200067936 /* DekkeniButton.swift */,
			);
			path = Dekkeni;
			sourceTree = "<group>";
		};
		4D64982D22B7843A007023CD /* DekkeniTests */ = {
			isa = PBXGroup;
			children = (
				4D64982E22B7843A007023CD /* DekkeniTests.swift */,
				4D64983022B7843A007023CD /* Info.plist */,
			);
			path = DekkeniTests;
			sourceTree = "<group>";
		};
		4D64983822B7843A007023CD /* DekkeniUITests */ = {
			isa = PBXGroup;
			children = (
				4D64983922B7843A007023CD /* DekkeniUITests.swift */,
				4D64983B22B7843A007023CD /* Info.plist */,
			);
			path = DekkeniUITests;
			sourceTree = "<group>";
		};
		4DAC631E2300BC68006D9C57 /* WormStrip */ = {
			isa = PBXGroup;
			children = (
				4DAC631A2300BA2D006D9C57 /* WormTabStrip.swift */,
				4DAC631C2300BA34006D9C57 /* WormTabStripButton.swift */,
			);
			path = WormStrip;
			sourceTree = "<group>";
		};
		5F1F100936F7194731E3F58B /* Pods */ = {
			isa = PBXGroup;
			children = (
				0329F5444AA76DAED482C997 /* Pods-Dekkeni.debug.xcconfig */,
				9A02839C5C308DBEEAE4E7CE /* Pods-Dekkeni.release.xcconfig */,
				2C113DACA45B64DF264BBF0C /* Pods-DekkeniTests.debug.xcconfig */,
				16AFE61BA84EFEF6BECC3B81 /* Pods-DekkeniTests.release.xcconfig */,
				B43E5F79C3E8A946376A4E1D /* Pods-DekkeniUITests.debug.xcconfig */,
				155038BE1A6C7435E524C4BC /* Pods-DekkeniUITests.release.xcconfig */,
			);
			name = Pods;
			sourceTree = "<group>";
		};
		D37DE6B8B8BBF57E66AE51BA /* Frameworks */ = {
			isa = PBXGroup;
			children = (
				BB4FE29C939C13BD9735ABAC /* Pods_Dekkeni.framework */,
				8C8587627A95736117AD5B2A /* Pods_DekkeniTests.framework */,
				6B24F2A20318A286E41A5D33 /* Pods_DekkeniUITests.framework */,
			);
			name = Frameworks;
			sourceTree = "<group>";
		};
/* End PBXGroup section */

/* Begin PBXNativeTarget section */
		4D64981322B78438007023CD /* Dekkeni */ = {
			isa = PBXNativeTarget;
			buildConfigurationList = 4D64983E22B7843A007023CD /* Build configuration list for PBXNativeTarget "Dekkeni" */;
			buildPhases = (
				C24B1CD15288AFFC9E349A55 /* [CP] Check Pods Manifest.lock */,
				4D64981022B78438007023CD /* Sources */,
				4D64981122B78438007023CD /* Frameworks */,
				4D64981222B78438007023CD /* Resources */,
				E6FE8B9DDE382F4B9AF34691 /* [CP] Embed Pods Frameworks */,
			);
			buildRules = (
			);
			dependencies = (
			);
			name = Dekkeni;
			productName = Dekkeni;
			productReference = 4D64981422B78438007023CD /* Dekkeni.app */;
			productType = "com.apple.product-type.application";
		};
		4D64982922B7843A007023CD /* DekkeniTests */ = {
			isa = PBXNativeTarget;
			buildConfigurationList = 4D64984122B7843A007023CD /* Build configuration list for PBXNativeTarget "DekkeniTests" */;
			buildPhases = (
				B4B389D5770E253785F12110 /* [CP] Check Pods Manifest.lock */,
				4D64982622B7843A007023CD /* Sources */,
				4D64982722B7843A007023CD /* Frameworks */,
				4D64982822B7843A007023CD /* Resources */,
			);
			buildRules = (
			);
			dependencies = (
				4D64982C22B7843A007023CD /* PBXTargetDependency */,
			);
			name = DekkeniTests;
			productName = DekkeniTests;
			productReference = 4D64982A22B7843A007023CD /* DekkeniTests.xctest */;
			productType = "com.apple.product-type.bundle.unit-test";
		};
		4D64983422B7843A007023CD /* DekkeniUITests */ = {
			isa = PBXNativeTarget;
			buildConfigurationList = 4D64984422B7843A007023CD /* Build configuration list for PBXNativeTarget "DekkeniUITests" */;
			buildPhases = (
				CAD9776667CEF65CA3C5E3F6 /* [CP] Check Pods Manifest.lock */,
				4D64983122B7843A007023CD /* Sources */,
				4D64983222B7843A007023CD /* Frameworks */,
				4D64983322B7843A007023CD /* Resources */,
			);
			buildRules = (
			);
			dependencies = (
				4D64983722B7843A007023CD /* PBXTargetDependency */,
			);
			name = DekkeniUITests;
			productName = DekkeniUITests;
			productReference = 4D64983522B7843A007023CD /* DekkeniUITests.xctest */;
			productType = "com.apple.product-type.bundle.ui-testing";
		};
/* End PBXNativeTarget section */

/* Begin PBXProject section */
		4D64980C22B78438007023CD /* Project object */ = {
			isa = PBXProject;
			attributes = {
				LastSwiftUpdateCheck = 1020;
				LastUpgradeCheck = 1020;
				ORGANIZATIONNAME = Dekkeni;
				TargetAttributes = {
					4D64981322B78438007023CD = {
						CreatedOnToolsVersion = 10.2.1;
					};
					4D64982922B7843A007023CD = {
						CreatedOnToolsVersion = 10.2.1;
						TestTargetID = 4D64981322B78438007023CD;
					};
					4D64983422B7843A007023CD = {
						CreatedOnToolsVersion = 10.2.1;
						TestTargetID = 4D64981322B78438007023CD;
					};
				};
			};
			buildConfigurationList = 4D64980F22B78438007023CD /* Build configuration list for PBXProject "Dekkeni" */;
			compatibilityVersion = "Xcode 9.3";
			developmentRegion = en;
			hasScannedForEncodings = 0;
			knownRegions = (
				Base,
				en,
			);
			mainGroup = 4D64980B22B78438007023CD;
			productRefGroup = 4D64981522B78438007023CD /* Products */;
			projectDirPath = "";
			projectRoot = "";
			targets = (
				4D64981322B78438007023CD /* Dekkeni */,
				4D64982922B7843A007023CD /* DekkeniTests */,
				4D64983422B7843A007023CD /* DekkeniUITests */,
			);
		};
/* End PBXProject section */

/* Begin PBXResourcesBuildPhase section */
		4D64981222B78438007023CD /* Resources */ = {
			isa = PBXResourcesBuildPhase;
			buildActionMask = 2147483647;
			files = (
				4D6B6DA722BA75F100AE960B /* LaunchScreen.storyboard in Resources */,
				4DAC63222300CCFE006D9C57 /* StoreTableViewCell.xib in Resources */,
				4D42409723088A3300052AC4 /* MenuItemCollectionViewCell.xib in Resources */,
				4D5C7E46230F55A300BAD60B /* CartTableViewCell.xib in Resources */,
				4D5C7E40230F556D00BAD60B /* Cart.storyboard in Resources */,
				4D64981F22B78438007023CD /* Main.storyboard in Resources */,
				4D497A13230E00BD00067936 /* Store.storyboard in Resources */,
				4D4347E9230995BF00D05AF8 /* Assets.xcassets in Resources */,
				4D5C7E4B230F608500BAD60B /* CategoryTableViewCell.xib in Resources */,
				4D497A15230E00D500067936 /* Profile.storyboard in Resources */,
				4D497A11230E008300067936 /* Accounts.storyboard in Resources */,
				4D9D87B622B929E8008F91C2 /* Localizable.strings in Resources */,
				4D497A17230E03D500067936 /* Settings.storyboard in Resources */,
			);
			runOnlyForDeploymentPostprocessing = 0;
		};
		4D64982822B7843A007023CD /* Resources */ = {
			isa = PBXResourcesBuildPhase;
			buildActionMask = 2147483647;
			files = (
			);
			runOnlyForDeploymentPostprocessing = 0;
		};
		4D64983322B7843A007023CD /* Resources */ = {
			isa = PBXResourcesBuildPhase;
			buildActionMask = 2147483647;
			files = (
			);
			runOnlyForDeploymentPostprocessing = 0;
		};
/* End PBXResourcesBuildPhase section */

/* Begin PBXShellScriptBuildPhase section */
		B4B389D5770E253785F12110 /* [CP] Check Pods Manifest.lock */ = {
			isa = PBXShellScriptBuildPhase;
			buildActionMask = 2147483647;
			files = (
			);
			inputFileListPaths = (
			);
			inputPaths = (
				"${PODS_PODFILE_DIR_PATH}/Podfile.lock",
				"${PODS_ROOT}/Manifest.lock",
			);
			name = "[CP] Check Pods Manifest.lock";
			outputFileListPaths = (
			);
			outputPaths = (
				"$(DERIVED_FILE_DIR)/Pods-DekkeniTests-checkManifestLockResult.txt",
			);
			runOnlyForDeploymentPostprocessing = 0;
			shellPath = /bin/sh;
			shellScript = "diff \"${PODS_PODFILE_DIR_PATH}/Podfile.lock\" \"${PODS_ROOT}/Manifest.lock\" > /dev/null\nif [ $? != 0 ] ; then\n    # print error to STDERR\n    echo \"error: The sandbox is not in sync with the Podfile.lock. Run 'pod install' or update your CocoaPods installation.\" >&2\n    exit 1\nfi\n# This output is used by Xcode 'outputs' to avoid re-running this script phase.\necho \"SUCCESS\" > \"${SCRIPT_OUTPUT_FILE_0}\"\n";
			showEnvVarsInLog = 0;
		};
		C24B1CD15288AFFC9E349A55 /* [CP] Check Pods Manifest.lock */ = {
			isa = PBXShellScriptBuildPhase;
			buildActionMask = 2147483647;
			files = (
			);
			inputFileListPaths = (
			);
			inputPaths = (
				"${PODS_PODFILE_DIR_PATH}/Podfile.lock",
				"${PODS_ROOT}/Manifest.lock",
			);
			name = "[CP] Check Pods Manifest.lock";
			outputFileListPaths = (
			);
			outputPaths = (
				"$(DERIVED_FILE_DIR)/Pods-Dekkeni-checkManifestLockResult.txt",
			);
			runOnlyForDeploymentPostprocessing = 0;
			shellPath = /bin/sh;
			shellScript = "diff \"${PODS_PODFILE_DIR_PATH}/Podfile.lock\" \"${PODS_ROOT}/Manifest.lock\" > /dev/null\nif [ $? != 0 ] ; then\n    # print error to STDERR\n    echo \"error: The sandbox is not in sync with the Podfile.lock. Run 'pod install' or update your CocoaPods installation.\" >&2\n    exit 1\nfi\n# This output is used by Xcode 'outputs' to avoid re-running this script phase.\necho \"SUCCESS\" > \"${SCRIPT_OUTPUT_FILE_0}\"\n";
			showEnvVarsInLog = 0;
		};
		CAD9776667CEF65CA3C5E3F6 /* [CP] Check Pods Manifest.lock */ = {
			isa = PBXShellScriptBuildPhase;
			buildActionMask = 2147483647;
			files = (
			);
			inputFileListPaths = (
			);
			inputPaths = (
				"${PODS_PODFILE_DIR_PATH}/Podfile.lock",
				"${PODS_ROOT}/Manifest.lock",
			);
			name = "[CP] Check Pods Manifest.lock";
			outputFileListPaths = (
			);
			outputPaths = (
				"$(DERIVED_FILE_DIR)/Pods-DekkeniUITests-checkManifestLockResult.txt",
			);
			runOnlyForDeploymentPostprocessing = 0;
			shellPath = /bin/sh;
			shellScript = "diff \"${PODS_PODFILE_DIR_PATH}/Podfile.lock\" \"${PODS_ROOT}/Manifest.lock\" > /dev/null\nif [ $? != 0 ] ; then\n    # print error to STDERR\n    echo \"error: The sandbox is not in sync with the Podfile.lock. Run 'pod install' or update your CocoaPods installation.\" >&2\n    exit 1\nfi\n# This output is used by Xcode 'outputs' to avoid re-running this script phase.\necho \"SUCCESS\" > \"${SCRIPT_OUTPUT_FILE_0}\"\n";
			showEnvVarsInLog = 0;
		};
		E6FE8B9DDE382F4B9AF34691 /* [CP] Embed Pods Frameworks */ = {
			isa = PBXShellScriptBuildPhase;
			buildActionMask = 2147483647;
			files = (
			);
			inputFileListPaths = (
			);
			inputPaths = (
				"${SRCROOT}/Pods/Target Support Files/Pods-Dekkeni/Pods-Dekkeni-frameworks.sh",
				"${BUILT_PRODUCTS_DIR}/pop/pop.framework",
			);
			name = "[CP] Embed Pods Frameworks";
			outputFileListPaths = (
			);
			outputPaths = (
				"${TARGET_BUILD_DIR}/${FRAMEWORKS_FOLDER_PATH}/pop.framework",
			);
			runOnlyForDeploymentPostprocessing = 0;
			shellPath = /bin/sh;
			shellScript = "\"${SRCROOT}/Pods/Target Support Files/Pods-Dekkeni/Pods-Dekkeni-frameworks.sh\"\n";
			showEnvVarsInLog = 0;
		};
/* End PBXShellScriptBuildPhase section */

/* Begin PBXSourcesBuildPhase section */
		4D64981022B78438007023CD /* Sources */ = {
			isa = PBXSourcesBuildPhase;
			buildActionMask = 2147483647;
			files = (
				4DAC631D2300BA34006D9C57 /* WormTabStripButton.swift in Sources */,
				4D3A72292304DB49004F9ED0 /* FAPanel+InterfaceRotation.swift in Sources */,
				4D3A72082304B50A004F9ED0 /* View.swift in Sources */,
				4D497A1B230E091200067936 /* DekkeniButton.swift in Sources */,
				4D3A72222304DB49004F9ED0 /* UIView+FAPanel.swift in Sources */,
				4D3A72282304DB49004F9ED0 /* UIViewController+FAPanel.swift in Sources */,
				4D497A0C230DFC9000067936 /* ResetPassViewController.swift in Sources */,
				4D5C7E42230F557700BAD60B /* CartViewController.swift in Sources */,
				4D3A72272304DB49004F9ED0 /* UIImage+FAPanel.swift in Sources */,
				4D497A08230DFC5D00067936 /* SignUpViewController.swift in Sources */,
				4D4240992308AD8900052AC4 /* ProfileViewController.swift in Sources */,
				4DAC63192300B77A006D9C57 /* StoreViewController.swift in Sources */,
				4D42409B2308ADC700052AC4 /* SettingsViewController.swift in Sources */,
				4DAC63262301E6E0006D9C57 /* TextField+icon.swift in Sources */,
				4D42409623088A3300052AC4 /* MenuItemCollectionViewCell.swift in Sources */,
				4D6B6D9B22BA741200AE960B /* Helpers.swift in Sources */,
				4DAC63202300CCEB006D9C57 /* StoreItemCell.swift in Sources */,
				4D497A19230E075100067936 /* DekkeniTextField.swift in Sources */,
				4D6B6D8422BA3B1400AE960B /* Colors.swift in Sources */,
				4D3A72262304DB49004F9ED0 /* FAPanel+KVO.swift in Sources */,
				4D3A72212304DB49004F9ED0 /* Collection+FAPanel.swift in Sources */,
				4D3A72202304DB49004F9ED0 /* FAPanel+Gestures.swift in Sources */,
				4D5C7E3B230F2CBC00BAD60B /* ScrollView.swift in Sources */,
				4D3A721F2304D8D2004F9ED0 /* MenuViewController.swift in Sources */,
				4D497A0F230DFEF800067936 /* ViewController.swift in Sources */,
				4D5C7E4A230F608500BAD60B /* CategoryTableViewCell.swift in Sources */,
				4D5C7E45230F55A300BAD60B /* CartTableViewCell.swift in Sources */,
				4DAC631B2300BA2D006D9C57 /* WormTabStrip.swift in Sources */,
				4D3A72252304DB49004F9ED0 /* FAPanelConfigurations.swift in Sources */,
				4DBCC9A622B90FAD00EE16D6 /* StringUtils.swift in Sources */,
				4D3A72242304DB49004F9ED0 /* FAPanel+Animations.swift in Sources */,
				4D64981822B78438007023CD /* AppDelegate.swift in Sources */,
				4D3A720623036C41004F9ED0 /* DetailsViewController.swift in Sources */,
				4D48081B230B4E3C004E873F /* LoginViewController.swift in Sources */,
				4D3A72232304DB49004F9ED0 /* FAPanel.swift in Sources */,
			);
			runOnlyForDeploymentPostprocessing = 0;
		};
		4D64982622B7843A007023CD /* Sources */ = {
			isa = PBXSourcesBuildPhase;
			buildActionMask = 2147483647;
			files = (
				4D64982F22B7843A007023CD /* DekkeniTests.swift in Sources */,
			);
			runOnlyForDeploymentPostprocessing = 0;
		};
		4D64983122B7843A007023CD /* Sources */ = {
			isa = PBXSourcesBuildPhase;
			buildActionMask = 2147483647;
			files = (
				4D64983A22B7843A007023CD /* DekkeniUITests.swift in Sources */,
			);
			runOnlyForDeploymentPostprocessing = 0;
		};
/* End PBXSourcesBuildPhase section */

/* Begin PBXTargetDependency section */
		4D64982C22B7843A007023CD /* PBXTargetDependency */ = {
			isa = PBXTargetDependency;
			target = 4D64981322B78438007023CD /* Dekkeni */;
			targetProxy = 4D64982B22B7843A007023CD /* PBXContainerItemProxy */;
		};
		4D64983722B7843A007023CD /* PBXTargetDependency */ = {
			isa = PBXTargetDependency;
			target = 4D64981322B78438007023CD /* Dekkeni */;
			targetProxy = 4D64983622B7843A007023CD /* PBXContainerItemProxy */;
		};
/* End PBXTargetDependency section */

/* Begin PBXVariantGroup section */
		4D64981D22B78438007023CD /* Main.storyboard */ = {
			isa = PBXVariantGroup;
			children = (
				4D64981E22B78438007023CD /* Base */,
				4D9D87B222B929BE008F91C2 /* en */,
			);
			name = Main.storyboard;
			sourceTree = "<group>";
		};
		4D9D87B422B929E8008F91C2 /* Localizable.strings */ = {
			isa = PBXVariantGroup;
			children = (
				4D9D87B522B929E8008F91C2 /* Base */,
				4D9D87B722B92A2B008F91C2 /* en */,
			);
			name = Localizable.strings;
			sourceTree = "<group>";
		};
/* End PBXVariantGroup section */

/* Begin XCBuildConfiguration section */
		4D64983C22B7843A007023CD /* Debug */ = {
			isa = XCBuildConfiguration;
			buildSettings = {
				ALWAYS_SEARCH_USER_PATHS = NO;
				CLANG_ANALYZER_LOCALIZABILITY_NONLOCALIZED = YES;
				CLANG_ANALYZER_NONNULL = YES;
				CLANG_ANALYZER_NUMBER_OBJECT_CONVERSION = YES_AGGRESSIVE;
				CLANG_CXX_LANGUAGE_STANDARD = "gnu++14";
				CLANG_CXX_LIBRARY = "libc++";
				CLANG_ENABLE_MODULES = YES;
				CLANG_ENABLE_OBJC_ARC = YES;
				CLANG_ENABLE_OBJC_WEAK = YES;
				CLANG_WARN_BLOCK_CAPTURE_AUTORELEASING = YES;
				CLANG_WARN_BOOL_CONVERSION = YES;
				CLANG_WARN_COMMA = YES;
				CLANG_WARN_CONSTANT_CONVERSION = YES;
				CLANG_WARN_DEPRECATED_OBJC_IMPLEMENTATIONS = YES;
				CLANG_WARN_DIRECT_OBJC_ISA_USAGE = YES_ERROR;
				CLANG_WARN_DOCUMENTATION_COMMENTS = YES;
				CLANG_WARN_EMPTY_BODY = YES;
				CLANG_WARN_ENUM_CONVERSION = YES;
				CLANG_WARN_INFINITE_RECURSION = YES;
				CLANG_WARN_INT_CONVERSION = YES;
				CLANG_WARN_NON_LITERAL_NULL_CONVERSION = YES;
				CLANG_WARN_OBJC_IMPLICIT_RETAIN_SELF = YES;
				CLANG_WARN_OBJC_LITERAL_CONVERSION = YES;
				CLANG_WARN_OBJC_ROOT_CLASS = YES_ERROR;
				CLANG_WARN_RANGE_LOOP_ANALYSIS = YES;
				CLANG_WARN_STRICT_PROTOTYPES = YES;
				CLANG_WARN_SUSPICIOUS_MOVE = YES;
				CLANG_WARN_UNGUARDED_AVAILABILITY = YES_AGGRESSIVE;
				CLANG_WARN_UNREACHABLE_CODE = YES;
				CLANG_WARN__DUPLICATE_METHOD_MATCH = YES;
				CODE_SIGN_IDENTITY = "iPhone Developer";
				COPY_PHASE_STRIP = NO;
				DEBUG_INFORMATION_FORMAT = dwarf;
				ENABLE_STRICT_OBJC_MSGSEND = YES;
				ENABLE_TESTABILITY = YES;
				GCC_C_LANGUAGE_STANDARD = gnu11;
				GCC_DYNAMIC_NO_PIC = NO;
				GCC_NO_COMMON_BLOCKS = YES;
				GCC_OPTIMIZATION_LEVEL = 0;
				GCC_PREPROCESSOR_DEFINITIONS = (
					"DEBUG=1",
					"$(inherited)",
				);
				GCC_WARN_64_TO_32_BIT_CONVERSION = YES;
				GCC_WARN_ABOUT_RETURN_TYPE = YES_ERROR;
				GCC_WARN_UNDECLARED_SELECTOR = YES;
				GCC_WARN_UNINITIALIZED_AUTOS = YES_AGGRESSIVE;
				GCC_WARN_UNUSED_FUNCTION = YES;
				GCC_WARN_UNUSED_VARIABLE = YES;
				IPHONEOS_DEPLOYMENT_TARGET = 12.2;
				MTL_ENABLE_DEBUG_INFO = INCLUDE_SOURCE;
				MTL_FAST_MATH = YES;
				ONLY_ACTIVE_ARCH = YES;
				SDKROOT = iphoneos;
				SWIFT_ACTIVE_COMPILATION_CONDITIONS = DEBUG;
				SWIFT_OPTIMIZATION_LEVEL = "-Onone";
			};
			name = Debug;
		};
		4D64983D22B7843A007023CD /* Release */ = {
			isa = XCBuildConfiguration;
			buildSettings = {
				ALWAYS_SEARCH_USER_PATHS = NO;
				CLANG_ANALYZER_LOCALIZABILITY_NONLOCALIZED = YES;
				CLANG_ANALYZER_NONNULL = YES;
				CLANG_ANALYZER_NUMBER_OBJECT_CONVERSION = YES_AGGRESSIVE;
				CLANG_CXX_LANGUAGE_STANDARD = "gnu++14";
				CLANG_CXX_LIBRARY = "libc++";
				CLANG_ENABLE_MODULES = YES;
				CLANG_ENABLE_OBJC_ARC = YES;
				CLANG_ENABLE_OBJC_WEAK = YES;
				CLANG_WARN_BLOCK_CAPTURE_AUTORELEASING = YES;
				CLANG_WARN_BOOL_CONVERSION = YES;
				CLANG_WARN_COMMA = YES;
				CLANG_WARN_CONSTANT_CONVERSION = YES;
				CLANG_WARN_DEPRECATED_OBJC_IMPLEMENTATIONS = YES;
				CLANG_WARN_DIRECT_OBJC_ISA_USAGE = YES_ERROR;
				CLANG_WARN_DOCUMENTATION_COMMENTS = YES;
				CLANG_WARN_EMPTY_BODY = YES;
				CLANG_WARN_ENUM_CONVERSION = YES;
				CLANG_WARN_INFINITE_RECURSION = YES;
				CLANG_WARN_INT_CONVERSION = YES;
				CLANG_WARN_NON_LITERAL_NULL_CONVERSION = YES;
				CLANG_WARN_OBJC_IMPLICIT_RETAIN_SELF = YES;
				CLANG_WARN_OBJC_LITERAL_CONVERSION = YES;
				CLANG_WARN_OBJC_ROOT_CLASS = YES_ERROR;
				CLANG_WARN_RANGE_LOOP_ANALYSIS = YES;
				CLANG_WARN_STRICT_PROTOTYPES = YES;
				CLANG_WARN_SUSPICIOUS_MOVE = YES;
				CLANG_WARN_UNGUARDED_AVAILABILITY = YES_AGGRESSIVE;
				CLANG_WARN_UNREACHABLE_CODE = YES;
				CLANG_WARN__DUPLICATE_METHOD_MATCH = YES;
				CODE_SIGN_IDENTITY = "iPhone Developer";
				COPY_PHASE_STRIP = NO;
				DEBUG_INFORMATION_FORMAT = "dwarf-with-dsym";
				ENABLE_NS_ASSERTIONS = NO;
				ENABLE_STRICT_OBJC_MSGSEND = YES;
				GCC_C_LANGUAGE_STANDARD = gnu11;
				GCC_NO_COMMON_BLOCKS = YES;
				GCC_WARN_64_TO_32_BIT_CONVERSION = YES;
				GCC_WARN_ABOUT_RETURN_TYPE = YES_ERROR;
				GCC_WARN_UNDECLARED_SELECTOR = YES;
				GCC_WARN_UNINITIALIZED_AUTOS = YES_AGGRESSIVE;
				GCC_WARN_UNUSED_FUNCTION = YES;
				GCC_WARN_UNUSED_VARIABLE = YES;
				IPHONEOS_DEPLOYMENT_TARGET = 12.2;
				MTL_ENABLE_DEBUG_INFO = NO;
				MTL_FAST_MATH = YES;
				SDKROOT = iphoneos;
				SWIFT_COMPILATION_MODE = wholemodule;
				SWIFT_OPTIMIZATION_LEVEL = "-O";
				VALIDATE_PRODUCT = YES;
			};
			name = Release;
		};
		4D64983F22B7843A007023CD /* Debug */ = {
			isa = XCBuildConfiguration;
			baseConfigurationReference = 0329F5444AA76DAED482C997 /* Pods-Dekkeni.debug.xcconfig */;
			buildSettings = {
				ASSETCATALOG_COMPILER_APPICON_NAME = AppIcon;
				CODE_SIGN_STYLE = Automatic;
				DEVELOPMENT_TEAM = 7VHDJ49KYT;
				INFOPLIST_FILE = Dekkeni/Info.plist;
				LD_RUNPATH_SEARCH_PATHS = (
					"$(inherited)",
					"@executable_path/Frameworks",
				);
				PRODUCT_BUNDLE_IDENTIFIER = com.Dekkeni;
				PRODUCT_NAME = "$(TARGET_NAME)";
				SWIFT_VERSION = 5.0;
				TARGETED_DEVICE_FAMILY = "1,2";
			};
			name = Debug;
		};
		4D64984022B7843A007023CD /* Release */ = {
			isa = XCBuildConfiguration;
			baseConfigurationReference = 9A02839C5C308DBEEAE4E7CE /* Pods-Dekkeni.release.xcconfig */;
			buildSettings = {
				ASSETCATALOG_COMPILER_APPICON_NAME = AppIcon;
				CODE_SIGN_STYLE = Automatic;
				DEVELOPMENT_TEAM = 7VHDJ49KYT;
				INFOPLIST_FILE = Dekkeni/Info.plist;
				LD_RUNPATH_SEARCH_PATHS = (
					"$(inherited)",
					"@executable_path/Frameworks",
				);
				PRODUCT_BUNDLE_IDENTIFIER = com.Dekkeni;
				PRODUCT_NAME = "$(TARGET_NAME)";
				SWIFT_VERSION = 5.0;
				TARGETED_DEVICE_FAMILY = "1,2";
			};
			name = Release;
		};
		4D64984222B7843A007023CD /* Debug */ = {
			isa = XCBuildConfiguration;
			baseConfigurationReference = 2C113DACA45B64DF264BBF0C /* Pods-DekkeniTests.debug.xcconfig */;
			buildSettings = {
				ALWAYS_EMBED_SWIFT_STANDARD_LIBRARIES = YES;
				BUNDLE_LOADER = "$(TEST_HOST)";
				CODE_SIGN_STYLE = Automatic;
				DEVELOPMENT_TEAM = 7VHDJ49KYT;
				INFOPLIST_FILE = DekkeniTests/Info.plist;
				LD_RUNPATH_SEARCH_PATHS = (
					"$(inherited)",
					"@executable_path/Frameworks",
					"@loader_path/Frameworks",
				);
				PRODUCT_BUNDLE_IDENTIFIER = com.DekkeniTests;
				PRODUCT_NAME = "$(TARGET_NAME)";
				SWIFT_VERSION = 5.0;
				TARGETED_DEVICE_FAMILY = "1,2";
				TEST_HOST = "$(BUILT_PRODUCTS_DIR)/Dekkeni.app/Dekkeni";
			};
			name = Debug;
		};
		4D64984322B7843A007023CD /* Release */ = {
			isa = XCBuildConfiguration;
			baseConfigurationReference = 16AFE61BA84EFEF6BECC3B81 /* Pods-DekkeniTests.release.xcconfig */;
			buildSettings = {
				ALWAYS_EMBED_SWIFT_STANDARD_LIBRARIES = YES;
				BUNDLE_LOADER = "$(TEST_HOST)";
				CODE_SIGN_STYLE = Automatic;
				DEVELOPMENT_TEAM = 7VHDJ49KYT;
				INFOPLIST_FILE = DekkeniTests/Info.plist;
				LD_RUNPATH_SEARCH_PATHS = (
					"$(inherited)",
					"@executable_path/Frameworks",
					"@loader_path/Frameworks",
				);
				PRODUCT_BUNDLE_IDENTIFIER = com.DekkeniTests;
				PRODUCT_NAME = "$(TARGET_NAME)";
				SWIFT_VERSION = 5.0;
				TARGETED_DEVICE_FAMILY = "1,2";
				TEST_HOST = "$(BUILT_PRODUCTS_DIR)/Dekkeni.app/Dekkeni";
			};
			name = Release;
		};
		4D64984522B7843A007023CD /* Debug */ = {
			isa = XCBuildConfiguration;
			baseConfigurationReference = B43E5F79C3E8A946376A4E1D /* Pods-DekkeniUITests.debug.xcconfig */;
			buildSettings = {
				ALWAYS_EMBED_SWIFT_STANDARD_LIBRARIES = YES;
				CODE_SIGN_STYLE = Automatic;
				DEVELOPMENT_TEAM = 7VHDJ49KYT;
				INFOPLIST_FILE = DekkeniUITests/Info.plist;
				LD_RUNPATH_SEARCH_PATHS = (
					"$(inherited)",
					"@executable_path/Frameworks",
					"@loader_path/Frameworks",
				);
				PRODUCT_BUNDLE_IDENTIFIER = com.DekkeniUITests;
				PRODUCT_NAME = "$(TARGET_NAME)";
				SWIFT_VERSION = 5.0;
				TARGETED_DEVICE_FAMILY = "1,2";
				TEST_TARGET_NAME = Dekkeni;
			};
			name = Debug;
		};
		4D64984622B7843A007023CD /* Release */ = {
			isa = XCBuildConfiguration;
			baseConfigurationReference = 155038BE1A6C7435E524C4BC /* Pods-DekkeniUITests.release.xcconfig */;
			buildSettings = {
				ALWAYS_EMBED_SWIFT_STANDARD_LIBRARIES = YES;
				CODE_SIGN_STYLE = Automatic;
				DEVELOPMENT_TEAM = 7VHDJ49KYT;
				INFOPLIST_FILE = DekkeniUITests/Info.plist;
				LD_RUNPATH_SEARCH_PATHS = (
					"$(inherited)",
					"@executable_path/Frameworks",
					"@loader_path/Frameworks",
				);
				PRODUCT_BUNDLE_IDENTIFIER = com.DekkeniUITests;
				PRODUCT_NAME = "$(TARGET_NAME)";
				SWIFT_VERSION = 5.0;
				TARGETED_DEVICE_FAMILY = "1,2";
				TEST_TARGET_NAME = Dekkeni;
			};
			name = Release;
		};
/* End XCBuildConfiguration section */

/* Begin XCConfigurationList section */
		4D64980F22B78438007023CD /* Build configuration list for PBXProject "Dekkeni" */ = {
			isa = XCConfigurationList;
			buildConfigurations = (
				4D64983C22B7843A007023CD /* Debug */,
				4D64983D22B7843A007023CD /* Release */,
			);
			defaultConfigurationIsVisible = 0;
			defaultConfigurationName = Debug;
		};
		4D64983E22B7843A007023CD /* Build configuration list for PBXNativeTarget "Dekkeni" */ = {
			isa = XCConfigurationList;
			buildConfigurations = (
				4D64983F22B7843A007023CD /* Debug */,
				4D64984022B7843A007023CD /* Release */,
			);
			defaultConfigurationIsVisible = 0;
			defaultConfigurationName = Debug;
		};
		4D64984122B7843A007023CD /* Build configuration list for PBXNativeTarget "DekkeniTests" */ = {
			isa = XCConfigurationList;
			buildConfigurations = (
				4D64984222B7843A007023CD /* Debug */,
				4D64984322B7843A007023CD /* Release */,
			);
			defaultConfigurationIsVisible = 0;
			defaultConfigurationName = Debug;
		};
		4D64984422B7843A007023CD /* Build configuration list for PBXNativeTarget "DekkeniUITests" */ = {
			isa = XCConfigurationList;
			buildConfigurations = (
				4D64984522B7843A007023CD /* Debug */,
				4D64984622B7843A007023CD /* Release */,
			);
			defaultConfigurationIsVisible = 0;
			defaultConfigurationName = Debug;
		};
/* End XCConfigurationList section */
	};
	rootObject = 4D64980C22B78438007023CD /* Project object */;
}
